
Microsoft Visual Studio Solution File, Format Version 12.00
# Visual Studio Version 17
VisualStudioVersion = 17.10.35013.160
MinimumVisualStudioVersion = 10.0.40219.1
Project("{888888A0-9F3D-457C-B088-3A5042F75D52}") = "weatherApp", "weatherApp.pyproj", "{277543FC-38DE-45F6-9CA6-3505806F833A}"
EndProject
Global
	GlobalSection(SolutionConfigurationPlatforms) = preSolution
		Debug|Any CPU = Debug|Any CPU
		Release|Any CPU = Release|Any CPU
	EndGlobalSection
	GlobalSection(ProjectConfigurationPlatforms) = postSolution
		{277543FC-38DE-45F6-9CA6-3505806F833A}.Debug|Any CPU.ActiveCfg = Debug|Any CPU
		{277543FC-38DE-45F6-9CA6-3505806F833A}.Release|Any CPU.ActiveCfg = Release|Any CPU
	EndGlobalSection
	GlobalSection(SolutionProperties) = preSolution
		HideSolutionNode = FALSE
	EndGlobalSection
	GlobalSection(ExtensibilityGlobals) = postSolution
		SolutionGuid = {2ECF6B9F-811E-4671-BAEC-EE5542735A81}
	EndGlobalSection
EndGlobal
